# This file is automatically @generated by Cargo.
# It is not intended for manual editing.
version = 3

[[package]]
name = "forensicnomicon"
version = "1.11.1"
source = "registry+https://github.com/rust-lang/crates.io-index"
checksum = "634cce7a9f7bec3b4e40ee9014a1a633ad17dd08694b291066818c18c013fab1"
dependencies = [
 "forensicnomicon-core",
 "forensicnomicon-data",
]

[[package]]
name = "forensicnomicon-core"
version = "1.5.1"
source = "registry+https://github.com/rust-lang/crates.io-index"
checksum = "7eb783b79792587a65eb4fb0aeff41b471b44659fbacfe15f61d3685c122a889"

[[package]]
name = "forensicnomicon-data"
version = "1.4.0"
source = "registry+https://github.com/rust-lang/crates.io-index"
checksum = "78a2c24ccad1150609546fbe85ad466e2cf24443fdac13e32297acb4ef913c28"
dependencies = [
 "forensicnomicon-core",
]

[[package]]
name = "snss-core"
version = "0.1.1"

[[package]]
name = "snss-forensic"
version = "0.1.1"
dependencies = [
 "forensicnomicon",
 "snss-core",
]
